
Microsoft Visual Studio Solution File, Format Version 12.00
# Visual Studio Version 16
VisualStudioVersion = 16.0.30114.128
MinimumVisualStudioVersion = 10.0.40219.1
Project("{9A19103F-16F7-4668-BE54-9A1E7A4F7556}") = "TwoWeekProject", "TwoWeekProject.csproj", "{372FC902-2E66-4057-88C1-FE870AEBCB6F}"
EndProject
Global
	GlobalSection(SolutionConfigurationPlatforms) = preSolution
		Debug|Any CPU = Debug|Any CPU
		Release|Any CPU = Release|Any CPU
	EndGlobalSection
	GlobalSection(ProjectConfigurationPlatforms) = postSolution
		{372FC902-2E66-4057-88C1-FE870AEBCB6F}.Debug|Any CPU.ActiveCfg = Debug|Any CPU
		{372FC902-2E66-4057-88C1-FE870AEBCB6F}.Debug|Any CPU.Build.0 = Debug|Any CPU
		{372FC902-2E66-4057-88C1-FE870AEBCB6F}.Release|Any CPU.ActiveCfg = Release|Any CPU
		{372FC902-2E66-4057-88C1-FE870AEBCB6F}.Release|Any CPU.Build.0 = Release|Any CPU
	EndGlobalSection
	GlobalSection(SolutionProperties) = preSolution
		HideSolutionNode = FALSE
	EndGlobalSection
	GlobalSection(ExtensibilityGlobals) = postSolution
		SolutionGuid = {A7CC3D7A-BFB0-4394-A2D9-DB2C27390C1A}
	EndGlobalSection
EndGlobal
